
Microsoft Visual Studio Solution File, Format Version 12.00
# Visual Studio Version 16
VisualStudioVersion = 16.0.30114.105
MinimumVisualStudioVersion = 10.0.40219.1
Project("{2150E333-8FDC-42A3-9474-1A3956D46DE8}") = "src", "src", "{50D1779A-0C8D-483D-AA8F-07D07E26A93E}"
EndProject
Project("{F2A71F9B-5D33-465A-A702-920D77279786}") = "App", "src\App\App.fsproj", "{50E90848-B009-4C74-A254-FD09A5CAA293}"
EndProject
Global
	GlobalSection(SolutionConfigurationPlatforms) = preSolution
		Debug|Any CPU = Debug|Any CPU
		Release|Any CPU = Release|Any CPU
	EndGlobalSection
	GlobalSection(SolutionProperties) = preSolution
		HideSolutionNode = FALSE
	EndGlobalSection
	GlobalSection(ProjectConfigurationPlatforms) = postSolution
		{50E90848-B009-4C74-A254-FD09A5CAA293}.Debug|Any CPU.ActiveCfg = Debug|Any CPU
		{50E90848-B009-4C74-A254-FD09A5CAA293}.Debug|Any CPU.Build.0 = Debug|Any CPU
		{50E90848-B009-4C74-A254-FD09A5CAA293}.Release|Any CPU.ActiveCfg = Release|Any CPU
		{50E90848-B009-4C74-A254-FD09A5CAA293}.Release|Any CPU.Build.0 = Release|Any CPU
	EndGlobalSection
	GlobalSection(NestedProjects) = preSolution
		{50E90848-B009-4C74-A254-FD09A5CAA293} = {50D1779A-0C8D-483D-AA8F-07D07E26A93E}
	EndGlobalSection
EndGlobal
